
Microsoft Visual Studio Solution File, Format Version 12.00
# Visual Studio Version 17
VisualStudioVersion = 17.1.32414.318
MinimumVisualStudioVersion = 10.0.40219.1
Project("{9A19103F-16F7-4668-BE54-9A1E7A4F7556}") = "ConsoleApp1", "ConsoleApp1\ConsoleApp1.csproj", "{65216B95-C094-4F6E-9686-1C2C810B896F}"
EndProject
Project("{9A19103F-16F7-4668-BE54-9A1E7A4F7556}") = "Rogalik", "ConsoleApp2\Rogalik.csproj", "{8B759E6A-6414-48C4-AAC5-88DDB66501F1}"
EndProject
Global
	GlobalSection(SolutionConfigurationPlatforms) = preSolution
		Debug|Any CPU = Debug|Any CPU
		Release|Any CPU = Release|Any CPU
	EndGlobalSection
	GlobalSection(ProjectConfigurationPlatforms) = postSolution
		{65216B95-C094-4F6E-9686-1C2C810B896F}.Debug|Any CPU.ActiveCfg = Debug|Any CPU
		{65216B95-C094-4F6E-9686-1C2C810B896F}.Debug|Any CPU.Build.0 = Debug|Any CPU
		{65216B95-C094-4F6E-9686-1C2C810B896F}.Release|Any CPU.ActiveCfg = Release|Any CPU
		{65216B95-C094-4F6E-9686-1C2C810B896F}.Release|Any CPU.Build.0 = Release|Any CPU
		{8B759E6A-6414-48C4-AAC5-88DDB66501F1}.Debug|Any CPU.ActiveCfg = Debug|Any CPU
		{8B759E6A-6414-48C4-AAC5-88DDB66501F1}.Debug|Any CPU.Build.0 = Debug|Any CPU
		{8B759E6A-6414-48C4-AAC5-88DDB66501F1}.Release|Any CPU.ActiveCfg = Release|Any CPU
		{8B759E6A-6414-48C4-AAC5-88DDB66501F1}.Release|Any CPU.Build.0 = Release|Any CPU
	EndGlobalSection
	GlobalSection(SolutionProperties) = preSolution
		HideSolutionNode = FALSE
	EndGlobalSection
	GlobalSection(ExtensibilityGlobals) = postSolution
		SolutionGuid = {13D75584-1219-4344-B6E9-E9D47A816464}
	EndGlobalSection
EndGlobal
